
Microsoft Visual Studio Solution File, Format Version 12.00
# Visual Studio Version 16
VisualStudioVersion = 16.0.31410.357
MinimumVisualStudioVersion = 10.0.40219.1
Project("{FAE04EC0-301F-11D3-BF4B-00C04F79EFBC}") = "cPlusPlus", "cPlusPlus\cPlusPlus.csproj", "{40DAF18D-9AF6-40FE-8EF0-57A7F8688F87}"
EndProject
Global
	GlobalSection(SolutionConfigurationPlatforms) = preSolution
		Debug|ARM = Debug|ARM
		Debug|ARM64 = Debug|ARM64
		Debug|x64 = Debug|x64
		Debug|x86 = Debug|x86
		Release|ARM = Release|ARM
		Release|ARM64 = Release|ARM64
		Release|x64 = Release|x64
		Release|x86 = Release|x86
	EndGlobalSection
	GlobalSection(ProjectConfigurationPlatforms) = postSolution
		{40DAF18D-9AF6-40FE-8EF0-57A7F8688F87}.Debug|ARM.ActiveCfg = Debug|ARM
		{40DAF18D-9AF6-40FE-8EF0-57A7F8688F87}.Debug|ARM.Build.0 = Debug|ARM
		{40DAF18D-9AF6-40FE-8EF0-57A7F8688F87}.Debug|ARM.Deploy.0 = Debug|ARM
		{40DAF18D-9AF6-40FE-8EF0-57A7F8688F87}.Debug|ARM64.ActiveCfg = Debug|ARM64
		{40DAF18D-9AF6-40FE-8EF0-57A7F8688F87}.Debug|ARM64.Build.0 = Debug|ARM64
		{40DAF18D-9AF6-40FE-8EF0-57A7F8688F87}.Debug|ARM64.Deploy.0 = Debug|ARM64
		{40DAF18D-9AF6-40FE-8EF0-57A7F8688F87}.Debug|x64.ActiveCfg = Debug|x64
		{40DAF18D-9AF6-40FE-8EF0-57A7F8688F87}.Debug|x64.Build.0 = Debug|x64
		{40DAF18D-9AF6-40FE-8EF0-57A7F8688F87}.Debug|x64.Deploy.0 = Debug|x64
		{40DAF18D-9AF6-40FE-8EF0-57A7F8688F87}.Debug|x86.ActiveCfg = Debug|x86
		{40DAF18D-9AF6-40FE-8EF0-57A7F8688F87}.Debug|x86.Build.0 = Debug|x86
		{40DAF18D-9AF6-40FE-8EF0-57A7F8688F87}.Debug|x86.Deploy.0 = Debug|x86
		{40DAF18D-9AF6-40FE-8EF0-57A7F8688F87}.Release|ARM.ActiveCfg = Release|ARM
		{40DAF18D-9AF6-40FE-8EF0-57A7F8688F87}.Release|ARM.Build.0 = Release|ARM
		{40DAF18D-9AF6-40FE-8EF0-57A7F8688F87}.Release|ARM.Deploy.0 = Release|ARM
		{40DAF18D-9AF6-40FE-8EF0-57A7F8688F87}.Release|ARM64.ActiveCfg = Release|ARM64
		{40DAF18D-9AF6-40FE-8EF0-57A7F8688F87}.Release|ARM64.Build.0 = Release|ARM64
		{40DAF18D-9AF6-40FE-8EF0-57A7F8688F87}.Release|ARM64.Deploy.0 = Release|ARM64
		{40DAF18D-9AF6-40FE-8EF0-57A7F8688F87}.Release|x64.ActiveCfg = Release|x64
		{40DAF18D-9AF6-40FE-8EF0-57A7F8688F87}.Release|x64.Build.0 = Release|x64
		{40DAF18D-9AF6-40FE-8EF0-57A7F8688F87}.Release|x64.Deploy.0 = Release|x64
		{40DAF18D-9AF6-40FE-8EF0-57A7F8688F87}.Release|x86.ActiveCfg = Release|x86
		{40DAF18D-9AF6-40FE-8EF0-57A7F8688F87}.Release|x86.Build.0 = Release|x86
		{40DAF18D-9AF6-40FE-8EF0-57A7F8688F87}.Release|x86.Deploy.0 = Release|x86
	EndGlobalSection
	GlobalSection(SolutionProperties) = preSolution
		HideSolutionNode = FALSE
	EndGlobalSection
	GlobalSection(ExtensibilityGlobals) = postSolution
		SolutionGuid = {344396DA-8DA1-4CA4-AE8A-3B13C43307C0}
	EndGlobalSection
EndGlobal
